
Microsoft Visual Studio Solution File, Format Version 12.00
# Visual Studio 15
VisualStudioVersion = 15.0.28307.329
MinimumVisualStudioVersion = 10.0.40219.1
Project("{FAE04EC0-301F-11D3-BF4B-00C04F79EFBC}") = "OfficeManagement", "OfficeManagement\OfficeManagement.csproj", "{422C5B7B-2172-4584-AC69-E61BFE9F4826}"
EndProject
Global
	GlobalSection(SolutionConfigurationPlatforms) = preSolution
		Debug|Any CPU = Debug|Any CPU
		Release|Any CPU = Release|Any CPU
	EndGlobalSection
	GlobalSection(ProjectConfigurationPlatforms) = postSolution
		{422C5B7B-2172-4584-AC69-E61BFE9F4826}.Debug|Any CPU.ActiveCfg = Debug|Any CPU
		{422C5B7B-2172-4584-AC69-E61BFE9F4826}.Debug|Any CPU.Build.0 = Debug|Any CPU
		{422C5B7B-2172-4584-AC69-E61BFE9F4826}.Release|Any CPU.ActiveCfg = Release|Any CPU
		{422C5B7B-2172-4584-AC69-E61BFE9F4826}.Release|Any CPU.Build.0 = Release|Any CPU
	EndGlobalSection
	GlobalSection(SolutionProperties) = preSolution
		HideSolutionNode = FALSE
	EndGlobalSection
	GlobalSection(ExtensibilityGlobals) = postSolution
		SolutionGuid = {F1D597C0-FEFC-4159-882A-84D5284157E6}
	EndGlobalSection
EndGlobal
